
Microsoft Visual Studio Solution File, Format Version 12.00
# Visual Studio Version 16
VisualStudioVersion = 16.0.30114.105
MinimumVisualStudioVersion = 10.0.40219.1
Project("{FAE04EC0-301F-11D3-BF4B-00C04F79EFBC}") = "Finjector.Web", "Finjector.Web\Finjector.Web.csproj", "{27C1FF4F-E172-4D4E-BD20-6BE6EB2381BF}"
EndProject
Project("{FAE04EC0-301F-11D3-BF4B-00C04F79EFBC}") = "Finjector.Core", "Finjector.Core\Finjector.Core.csproj", "{4890E411-D03E-4BA9-8C3B-D6E333F82C79}"
EndProject
Global
	GlobalSection(SolutionConfigurationPlatforms) = preSolution
		Debug|Any CPU = Debug|Any CPU
		Release|Any CPU = Release|Any CPU
	EndGlobalSection
	GlobalSection(SolutionProperties) = preSolution
		HideSolutionNode = FALSE
	EndGlobalSection
	GlobalSection(ProjectConfigurationPlatforms) = postSolution
		{27C1FF4F-E172-4D4E-BD20-6BE6EB2381BF}.Debug|Any CPU.ActiveCfg = Debug|Any CPU
		{27C1FF4F-E172-4D4E-BD20-6BE6EB2381BF}.Debug|Any CPU.Build.0 = Debug|Any CPU
		{27C1FF4F-E172-4D4E-BD20-6BE6EB2381BF}.Release|Any CPU.ActiveCfg = Release|Any CPU
		{27C1FF4F-E172-4D4E-BD20-6BE6EB2381BF}.Release|Any CPU.Build.0 = Release|Any CPU
		{4890E411-D03E-4BA9-8C3B-D6E333F82C79}.Debug|Any CPU.ActiveCfg = Debug|Any CPU
		{4890E411-D03E-4BA9-8C3B-D6E333F82C79}.Debug|Any CPU.Build.0 = Debug|Any CPU
		{4890E411-D03E-4BA9-8C3B-D6E333F82C79}.Release|Any CPU.ActiveCfg = Release|Any CPU
		{4890E411-D03E-4BA9-8C3B-D6E333F82C79}.Release|Any CPU.Build.0 = Release|Any CPU
	EndGlobalSection
EndGlobal
